
Microsoft Visual Studio Solution File, Format Version 12.00
# Visual Studio Version 16
VisualStudioVersion = 16.0.31424.327
MinimumVisualStudioVersion = 10.0.40219.1
Project("{FAE04EC0-301F-11D3-BF4B-00C04F79EFBC}") = "Names", "Names\Names.csproj", "{8CC2C4C0-7E10-457A-9BD4-FBF2962BB30F}"
EndProject
Project("{9A19103F-16F7-4668-BE54-9A1E7A4F7556}") = "ListName", "ListName\ListName.csproj", "{20EBDA82-A2BE-4343-8268-8A92317663E3}"
EndProject
Global
	GlobalSection(SolutionConfigurationPlatforms) = preSolution
		Debug|Any CPU = Debug|Any CPU
		Release|Any CPU = Release|Any CPU
	EndGlobalSection
	GlobalSection(ProjectConfigurationPlatforms) = postSolution
		{8CC2C4C0-7E10-457A-9BD4-FBF2962BB30F}.Debug|Any CPU.ActiveCfg = Debug|Any CPU
		{8CC2C4C0-7E10-457A-9BD4-FBF2962BB30F}.Debug|Any CPU.Build.0 = Debug|Any CPU
		{8CC2C4C0-7E10-457A-9BD4-FBF2962BB30F}.Release|Any CPU.ActiveCfg = Release|Any CPU
		{8CC2C4C0-7E10-457A-9BD4-FBF2962BB30F}.Release|Any CPU.Build.0 = Release|Any CPU
		{20EBDA82-A2BE-4343-8268-8A92317663E3}.Debug|Any CPU.ActiveCfg = Debug|Any CPU
		{20EBDA82-A2BE-4343-8268-8A92317663E3}.Debug|Any CPU.Build.0 = Debug|Any CPU
		{20EBDA82-A2BE-4343-8268-8A92317663E3}.Release|Any CPU.ActiveCfg = Release|Any CPU
		{20EBDA82-A2BE-4343-8268-8A92317663E3}.Release|Any CPU.Build.0 = Release|Any CPU
	EndGlobalSection
	GlobalSection(SolutionProperties) = preSolution
		HideSolutionNode = FALSE
	EndGlobalSection
	GlobalSection(ExtensibilityGlobals) = postSolution
		SolutionGuid = {15E4F815-9A0D-46DA-BFF3-44ED145CBD97}
	EndGlobalSection
EndGlobal
